
Microsoft Visual Studio Solution File, Format Version 12.00
# Visual Studio Version 16
VisualStudioVersion = 16.0.31205.134
MinimumVisualStudioVersion = 10.0.40219.1
Project("{FAE04EC0-301F-11D3-BF4B-00C04F79EFBC}") = "WebApplicationEonix", "WebApplicationEonix\WebApplicationEonix.csproj", "{06DAEB85-60F9-4BFA-A63F-6A0EB9DA7C72}"
EndProject
Project("{FAE04EC0-301F-11D3-BF4B-00C04F79EFBC}") = "TestProject", "TestProject\TestProject.csproj", "{96F3D478-D0BF-4344-8429-AEA8F1E9D908}"
EndProject
Global
	GlobalSection(SolutionConfigurationPlatforms) = preSolution
		Debug|Any CPU = Debug|Any CPU
		Release|Any CPU = Release|Any CPU
	EndGlobalSection
	GlobalSection(ProjectConfigurationPlatforms) = postSolution
		{06DAEB85-60F9-4BFA-A63F-6A0EB9DA7C72}.Debug|Any CPU.ActiveCfg = Debug|Any CPU
		{06DAEB85-60F9-4BFA-A63F-6A0EB9DA7C72}.Debug|Any CPU.Build.0 = Debug|Any CPU
		{06DAEB85-60F9-4BFA-A63F-6A0EB9DA7C72}.Release|Any CPU.ActiveCfg = Release|Any CPU
		{06DAEB85-60F9-4BFA-A63F-6A0EB9DA7C72}.Release|Any CPU.Build.0 = Release|Any CPU
		{96F3D478-D0BF-4344-8429-AEA8F1E9D908}.Debug|Any CPU.ActiveCfg = Debug|Any CPU
		{96F3D478-D0BF-4344-8429-AEA8F1E9D908}.Debug|Any CPU.Build.0 = Debug|Any CPU
		{96F3D478-D0BF-4344-8429-AEA8F1E9D908}.Release|Any CPU.ActiveCfg = Release|Any CPU
		{96F3D478-D0BF-4344-8429-AEA8F1E9D908}.Release|Any CPU.Build.0 = Release|Any CPU
	EndGlobalSection
	GlobalSection(SolutionProperties) = preSolution
		HideSolutionNode = FALSE
	EndGlobalSection
	GlobalSection(ExtensibilityGlobals) = postSolution
		SolutionGuid = {F74C1B90-3AC9-402B-A59F-34BE2CC5E3A1}
	EndGlobalSection
EndGlobal
